version = 1
requires-python = ">=3.6"

[[package]]
name = "maturin"
version = "0.12.20"
source = { registry = "https://pypi.org/simple" }
dependencies = [
    { name = "tomli", marker = "python_full_version < '3.11'" },
]
sdist = { url = "https://files.pythonhosted.org/packages/39/ba/fec598956393230341def42367c6ad0efbee6ddc899f8858e5b25a7f37a5/maturin-0.12.20.tar.gz", hash = "sha256:62ef15831f14330aa426c2ccc475c5b8d473bb52731e478e0cb9ab37e137d758", size = 156868 }
wheels = [
    { url = "https://files.pythonhosted.org/packages/1a/eb/b6983396ce7dcdf0ba0d8a6ad9eec98c7b0b166fb2995b4b71cc7199cdb5/maturin-0.12.20-py3-none-macosx_10_7_x86_64.whl", hash = "sha256:d4ced017aa26dd88ce228a21e8f049b7c6f9b40c873e90fb7bec60f49b93fe55", size = 6753190 },
    { url = "https://files.pythonhosted.org/packages/27/6f/1e10997cba996f0e27985351eaeb1dcad2f69e5d42223e5a24682872881b/maturin-0.12.20-py3-none-macosx_10_9_x86_64.macosx_11_0_arm64.macosx_10_9_universal2.whl", hash = "sha256:83e7b4bcb3f30523bd951d858fc6508fef85e33840e3c8947a0b36c3dd73532a", size = 13039607 },
    { url = "https://files.pythonhosted.org/packages/2f/0b/507e2b3706753ef6cd9be3f4fd6273ed4838fa15c93906a601ee897f5391/maturin-0.12.20-py3-none-manylinux_2_12_i686.manylinux2010_i686.musllinux_1_1_i686.whl", hash = "sha256:3ea8b7976d2ed35ca6d799ead19667afef9a50f806a7f090721cea7513cb6166", size = 9802132 },
    { url = "https://files.pythonhosted.org/packages/cf/b0/19e5189feb5bcf004375c24b46292064fc01950cd1a2654ae46f47ef093d/maturin-0.12.20-py3-none-manylinux_2_12_x86_64.manylinux2010_x86_64.musllinux_1_1_x86_64.whl", hash = "sha256:ac3b6ae80adfd2ddb581d78ac695abfeb1e222bf122f0f8cb04ab2bae47046b1", size = 9594953 },
    { url = "https://files.pythonhosted.org/packages/d6/48/44e8fc65c0b800dfb396b5dadfbde62185e296122f5f86d0214790be9a23/maturin-0.12.20-py3-none-manylinux_2_17_aarch64.manylinux2014_aarch64.musllinux_1_1_aarch64.whl", hash = "sha256:79a26abbbbdb78958894837663e18e39c36635bcc0674ed40217b3519c488115", size = 9261420 },
    { url = "https://files.pythonhosted.org/packages/6a/96/fa9e0ab15fb057b14dae84bdc0ce557fed50ea59fcfcee942164fb591d5b/maturin-0.12.20-py3-none-manylinux_2_17_armv7l.manylinux2014_armv7l.musllinux_1_1_armv7l.whl", hash = "sha256:6e2e1cd499599e70db72512fe1bf03b6e362af572051c8a8a255282c17800cfb", size = 9284381 },
    { url = "https://files.pythonhosted.org/packages/36/bc/94663a4847a60d4e686cbb47bd66579d3b85e3309cc7eff1e779baf2ec26/maturin-0.12.20-py3-none-manylinux_2_17_ppc64le.manylinux2014_ppc64le.musllinux_1_1_ppc64le.whl", hash = "sha256:7ee333b400d0ac6055c89bd82817e7f1360502f9f5089a196470e5f063af6afc", size = 8416719 },
    { url = "https://files.pythonhosted.org/packages/39/29/3d361f2cc6eb090431fcc540bcabd593860d30d48539fef8db158dbcf7ef/maturin-0.12.20-py3-none-manylinux_2_17_s390x.manylinux2014_s390x.whl", hash = "sha256:41fc10a85f9e32bbf301004179d96f316f41dfebb01770c19420fe783acd6612", size = 9860893 },
    { url = "https://files.pythonhosted.org/packages/db/e9/847cfdcae89e09de11dcaccb4ffd5550393db4e4d49749c18895b096cabe/maturin-0.12.20-py3-none-win32.whl", hash = "sha256:cb2a82d019585f4ca5a49bf56cded757a13e960617b334d601b837b78f84b960", size = 5474547 },
    { url = "https://files.pythonhosted.org/packages/99/4d/abba5b84390e4ad5232e68528eac9d7c8782fe69ae20b7547fda0f3fbd78/maturin-0.12.20-py3-none-win_amd64.whl", hash = "sha256:b170594180ddb6144b943a02f57b649deb7d580251c14f2f41546d5e0c876e04", size = 5982234 },
    { url = "https://files.pythonhosted.org/packages/51/e4/6f4b4be620492930aca80200eb94f58cb1e1465673bf310d969999dacd9f/maturin-0.12.20-py3-none-win_arm64.whl", hash = "sha256:b6b671c50dfa01094c9327ddb713ea3d4a24034552e898479503eb0e924b12ef", size = 5192013 },
]

[[package]]
name = "memory-profiler"
version = "0.61.0"
source = { registry = "https://pypi.org/simple" }
dependencies = [
    { name = "psutil" },
]
sdist = { url = "https://files.pythonhosted.org/packages/b2/88/e1907e1ca3488f2d9507ca8b0ae1add7b1cd5d3ca2bc8e5b329382ea2c7b/memory_profiler-0.61.0.tar.gz", hash = "sha256:4e5b73d7864a1d1292fb76a03e82a3e78ef934d06828a698d9dada76da2067b0", size = 35935 }
wheels = [
    { url = "https://files.pythonhosted.org/packages/49/26/aaca612a0634ceede20682e692a6c55e35a94c21ba36b807cc40fe910ae1/memory_profiler-0.61.0-py3-none-any.whl", hash = "sha256:400348e61031e3942ad4d4109d18753b2fb08c2f6fb8290671c5513a34182d84", size = 31803 },
]

[[package]]
name = "psutil"
version = "7.0.0"
source = { registry = "https://pypi.org/simple" }
sdist = { url = "https://files.pythonhosted.org/packages/2a/80/336820c1ad9286a4ded7e845b2eccfcb27851ab8ac6abece774a6ff4d3de/psutil-7.0.0.tar.gz", hash = "sha256:7be9c3eba38beccb6495ea33afd982a44074b78f28c434a1f51cc07fd315c456", size = 497003 }
wheels = [
    { url = "https://files.pythonhosted.org/packages/ed/e6/2d26234410f8b8abdbf891c9da62bee396583f713fb9f3325a4760875d22/psutil-7.0.0-cp36-abi3-macosx_10_9_x86_64.whl", hash = "sha256:101d71dc322e3cffd7cea0650b09b3d08b8e7c4109dd6809fe452dfd00e58b25", size = 238051 },
    { url = "https://files.pythonhosted.org/packages/04/8b/30f930733afe425e3cbfc0e1468a30a18942350c1a8816acfade80c005c4/psutil-7.0.0-cp36-abi3-macosx_11_0_arm64.whl", hash = "sha256:39db632f6bb862eeccf56660871433e111b6ea58f2caea825571951d4b6aa3da", size = 239535 },
    { url = "https://files.pythonhosted.org/packages/2a/ed/d362e84620dd22876b55389248e522338ed1bf134a5edd3b8231d7207f6d/psutil-7.0.0-cp36-abi3-manylinux_2_12_i686.manylinux2010_i686.manylinux_2_17_i686.manylinux2014_i686.whl", hash = "sha256:1fcee592b4c6f146991ca55919ea3d1f8926497a713ed7faaf8225e174581e91", size = 275004 },
    { url = "https://files.pythonhosted.org/packages/bf/b9/b0eb3f3cbcb734d930fdf839431606844a825b23eaf9a6ab371edac8162c/psutil-7.0.0-cp36-abi3-manylinux_2_12_x86_64.manylinux2010_x86_64.manylinux_2_17_x86_64.manylinux2014_x86_64.whl", hash = "sha256:4b1388a4f6875d7e2aff5c4ca1cc16c545ed41dd8bb596cefea80111db353a34", size = 277986 },
    { url = "https://files.pythonhosted.org/packages/eb/a2/709e0fe2f093556c17fbafda93ac032257242cabcc7ff3369e2cb76a97aa/psutil-7.0.0-cp36-abi3-manylinux_2_17_aarch64.manylinux2014_aarch64.whl", hash = "sha256:a5f098451abc2828f7dc6b58d44b532b22f2088f4999a937557b603ce72b1993", size = 279544 },
    { url = "https://files.pythonhosted.org/packages/98/04/9e7b8afdad85824dec17de92c121d0fb1907ded624f486b86cd5e8189ebe/psutil-7.0.0-cp36-cp36m-win32.whl", hash = "sha256:84df4eb63e16849689f76b1ffcb36db7b8de703d1bc1fe41773db487621b6c17", size = 243024 },
    { url = "https://files.pythonhosted.org/packages/25/9b/43f2c5f7794a3eba3fc0bb47020d1da44d43ff41c95637c5d760c3ef33eb/psutil-7.0.0-cp36-cp36m-win_amd64.whl", hash = "sha256:1e744154a6580bc968a0195fd25e80432d3afec619daf145b9e5ba16cc1d688e", size = 248462 },
    { url = "https://files.pythonhosted.org/packages/50/e6/eecf58810b9d12e6427369784efe814a1eec0f492084ce8eb8f4d89d6d61/psutil-7.0.0-cp37-abi3-win32.whl", hash = "sha256:ba3fcef7523064a6c9da440fc4d6bd07da93ac726b5733c29027d7dc95b39d99", size = 241053 },
    { url = "https://files.pythonhosted.org/packages/50/1b/6921afe68c74868b4c9fa424dad3be35b095e16687989ebbb50ce4fceb7c/psutil-7.0.0-cp37-abi3-win_amd64.whl", hash = "sha256:4cf3d4eb1aa9b348dec30105c55cd9b7d4629285735a102beb4441e38db90553", size = 244885 },
]

[[package]]
name = "texy"
version = "0.0.2"
source = { editable = "." }
dependencies = [
    { name = "maturin" },
    { name = "memory-profiler" },
    { name = "psutil" },
]

[package.dev-dependencies]
dev = [
    { name = "maturin" },
]

[package.metadata]
requires-dist = [
    { name = "maturin" },
    { name = "memory-profiler", specifier = ">=0.61.0" },
    { name = "psutil", specifier = ">=7.0.0" },
]

[package.metadata.requires-dev]
dev = [{ name = "maturin", specifier = ">=0.12.20" }]

[[package]]
name = "tomli"
version = "1.2.3"
source = { registry = "https://pypi.org/simple" }
sdist = { url = "https://files.pythonhosted.org/packages/fb/2e/d0a8276b0cf9b9e34fd0660c330acc59656f53bb2209adc75af863a3582d/tomli-1.2.3.tar.gz", hash = "sha256:05b6166bff487dc068d322585c7ea4ef78deed501cc124060e0f238e89a9231f", size = 15094 }
wheels = [
    { url = "https://files.pythonhosted.org/packages/05/e4/74f9440db36734d7ba83c574c1e7024009ce849208a41f90e94a134dc6d1/tomli-1.2.3-py3-none-any.whl", hash = "sha256:e3069e4be3ead9668e21cb9b074cd948f7b3113fd9c8bba083f48247aab8b11c", size = 12122 },
]
