version = 1
requires-python = ">=3.6"

[[package]]
name = "maturin"
version = "0.12.20"
source = { registry = "https://pypi.org/simple" }
dependencies = [
    { name = "tomli", marker = "python_full_version < '3.11'" },
]
sdist = { url = "https://files.pythonhosted.org/packages/39/ba/fec598956393230341def42367c6ad0efbee6ddc899f8858e5b25a7f37a5/maturin-0.12.20.tar.gz", hash = "sha256:62ef15831f14330aa426c2ccc475c5b8d473bb52731e478e0cb9ab37e137d758", size = 156868 }
wheels = [
    { url = "https://files.pythonhosted.org/packages/1a/eb/b6983396ce7dcdf0ba0d8a6ad9eec98c7b0b166fb2995b4b71cc7199cdb5/maturin-0.12.20-py3-none-macosx_10_7_x86_64.whl", hash = "sha256:d4ced017aa26dd88ce228a21e8f049b7c6f9b40c873e90fb7bec60f49b93fe55", size = 6753190 },
    { url = "https://files.pythonhosted.org/packages/27/6f/1e10997cba996f0e27985351eaeb1dcad2f69e5d42223e5a24682872881b/maturin-0.12.20-py3-none-macosx_10_9_x86_64.macosx_11_0_arm64.macosx_10_9_universal2.whl", hash = "sha256:83e7b4bcb3f30523bd951d858fc6508fef85e33840e3c8947a0b36c3dd73532a", size = 13039607 },
    { url = "https://files.pythonhosted.org/packages/2f/0b/507e2b3706753ef6cd9be3f4fd6273ed4838fa15c93906a601ee897f5391/maturin-0.12.20-py3-none-manylinux_2_12_i686.manylinux2010_i686.musllinux_1_1_i686.whl", hash = "sha256:3ea8b7976d2ed35ca6d799ead19667afef9a50f806a7f090721cea7513cb6166", size = 9802132 },
    { url = "https://files.pythonhosted.org/packages/cf/b0/19e5189feb5bcf004375c24b46292064fc01950cd1a2654ae46f47ef093d/maturin-0.12.20-py3-none-manylinux_2_12_x86_64.manylinux2010_x86_64.musllinux_1_1_x86_64.whl", hash = "sha256:ac3b6ae80adfd2ddb581d78ac695abfeb1e222bf122f0f8cb04ab2bae47046b1", size = 9594953 },
    { url = "https://files.pythonhosted.org/packages/d6/48/44e8fc65c0b800dfb396b5dadfbde62185e296122f5f86d0214790be9a23/maturin-0.12.20-py3-none-manylinux_2_17_aarch64.manylinux2014_aarch64.musllinux_1_1_aarch64.whl", hash = "sha256:79a26abbbbdb78958894837663e18e39c36635bcc0674ed40217b3519c488115", size = 9261420 },
    { url = "https://files.pythonhosted.org/packages/6a/96/fa9e0ab15fb057b14dae84bdc0ce557fed50ea59fcfcee942164fb591d5b/maturin-0.12.20-py3-none-manylinux_2_17_armv7l.manylinux2014_armv7l.musllinux_1_1_armv7l.whl", hash = "sha256:6e2e1cd499599e70db72512fe1bf03b6e362af572051c8a8a255282c17800cfb", size = 9284381 },
    { url = "https://files.pythonhosted.org/packages/36/bc/94663a4847a60d4e686cbb47bd66579d3b85e3309cc7eff1e779baf2ec26/maturin-0.12.20-py3-none-manylinux_2_17_ppc64le.manylinux2014_ppc64le.musllinux_1_1_ppc64le.whl", hash = "sha256:7ee333b400d0ac6055c89bd82817e7f1360502f9f5089a196470e5f063af6afc", size = 8416719 },
    { url = "https://files.pythonhosted.org/packages/39/29/3d361f2cc6eb090431fcc540bcabd593860d30d48539fef8db158dbcf7ef/maturin-0.12.20-py3-none-manylinux_2_17_s390x.manylinux2014_s390x.whl", hash = "sha256:41fc10a85f9e32bbf301004179d96f316f41dfebb01770c19420fe783acd6612", size = 9860893 },
    { url = "https://files.pythonhosted.org/packages/db/e9/847cfdcae89e09de11dcaccb4ffd5550393db4e4d49749c18895b096cabe/maturin-0.12.20-py3-none-win32.whl", hash = "sha256:cb2a82d019585f4ca5a49bf56cded757a13e960617b334d601b837b78f84b960", size = 5474547 },
    { url = "https://files.pythonhosted.org/packages/99/4d/abba5b84390e4ad5232e68528eac9d7c8782fe69ae20b7547fda0f3fbd78/maturin-0.12.20-py3-none-win_amd64.whl", hash = "sha256:b170594180ddb6144b943a02f57b649deb7d580251c14f2f41546d5e0c876e04", size = 5982234 },
    { url = "https://files.pythonhosted.org/packages/51/e4/6f4b4be620492930aca80200eb94f58cb1e1465673bf310d969999dacd9f/maturin-0.12.20-py3-none-win_arm64.whl", hash = "sha256:b6b671c50dfa01094c9327ddb713ea3d4a24034552e898479503eb0e924b12ef", size = 5192013 },
]

[[package]]
name = "texy"
version = "0.0.2"
source = { editable = "." }

[package.dev-dependencies]
dev = [
    { name = "maturin" },
]

[package.metadata]
requires-dist = [{ name = "texy", editable = "." }]

[package.metadata.requires-dev]
dev = [{ name = "maturin", specifier = ">=0.12.20" }]

[[package]]
name = "tomli"
version = "1.2.3"
source = { registry = "https://pypi.org/simple" }
sdist = { url = "https://files.pythonhosted.org/packages/fb/2e/d0a8276b0cf9b9e34fd0660c330acc59656f53bb2209adc75af863a3582d/tomli-1.2.3.tar.gz", hash = "sha256:05b6166bff487dc068d322585c7ea4ef78deed501cc124060e0f238e89a9231f", size = 15094 }
wheels = [
    { url = "https://files.pythonhosted.org/packages/05/e4/74f9440db36734d7ba83c574c1e7024009ce849208a41f90e94a134dc6d1/tomli-1.2.3-py3-none-any.whl", hash = "sha256:e3069e4be3ead9668e21cb9b074cd948f7b3113fd9c8bba083f48247aab8b11c", size = 12122 },
]
